
Microsoft Visual Studio Solution File, Format Version 12.00
# Visual Studio Version 17
VisualStudioVersion = 17.7.34031.279
MinimumVisualStudioVersion = 10.0.40219.1
Project("{FAE04EC0-301F-11D3-BF4B-00C04F79EFBC}") = "TCP", "TCP.csproj", "{4D2D77A6-A749-41B7-81EB-E73D2BC7365E}"
EndProject
Global
	GlobalSection(SolutionConfigurationPlatforms) = preSolution
		Debug|Any CPU = Debug|Any CPU
		Release|Any CPU = Release|Any CPU
	EndGlobalSection
	GlobalSection(ProjectConfigurationPlatforms) = postSolution
		{4D2D77A6-A749-41B7-81EB-E73D2BC7365E}.Debug|Any CPU.ActiveCfg = Debug|Any CPU
		{4D2D77A6-A749-41B7-81EB-E73D2BC7365E}.Debug|Any CPU.Build.0 = Debug|Any CPU
		{4D2D77A6-A749-41B7-81EB-E73D2BC7365E}.Release|Any CPU.ActiveCfg = Release|Any CPU
		{4D2D77A6-A749-41B7-81EB-E73D2BC7365E}.Release|Any CPU.Build.0 = Release|Any CPU
	EndGlobalSection
	GlobalSection(SolutionProperties) = preSolution
		HideSolutionNode = FALSE
	EndGlobalSection
	GlobalSection(ExtensibilityGlobals) = postSolution
		SolutionGuid = {BFD44B52-E2CE-49F9-923C-4CEC6F6772FD}
	EndGlobalSection
EndGlobal
